// !$*UTF8*$!
{
	archiveVersion = 1;
	classes = {
	};
	objectVersion = 46;
	objects = {

/* Begin PBXBuildFile section */
		174AA31319EADE5600EED52C /* UIKit.framework in Frameworks */ = {isa = PBXBuildFile; fileRef = 174AA31219EADE5600EED52C /* UIKit.framework */; };
		174AA31519EADE5600EED52C /* Foundation.framework in Frameworks */ = {isa = PBXBuildFile; fileRef = 174AA31419EADE5600EED52C /* Foundation.framework */; };
		174AA31719EADE5600EED52C /* CoreGraphics.framework in Frameworks */ = {isa = PBXBuildFile; fileRef = 174AA31619EADE5600EED52C /* CoreGraphics.framework */; };
		174AA31D19EADE5600EED52C /* InfoPlist.strings in Resources */ = {isa = PBXBuildFile; fileRef = 174AA31B19EADE5600EED52C /* InfoPlist.strings */; };
		174AA31F19EADE5600EED52C /* main.m in Sources */ = {isa = PBXBuildFile; fileRef = 174AA31E19EADE5600EED52C /* main.m */; };
		174AA32319EADE5600EED52C /* AppDelegate.m in Sources */ = {isa = PBXBuildFile; fileRef = 174AA32219EADE5600EED52C /* AppDelegate.m */; };
		174AA32519EADE5600EED52C /* Default.png in Resources */ = {isa = PBXBuildFile; fileRef = 174AA32419EADE5600EED52C /* Default.png */; };
		174AA32719EADE5600EED52C /* Default@2x.png in Resources */ = {isa = PBXBuildFile; fileRef = 174AA32619EADE5600EED52C /* Default@2x.png */; };
		174AA32919EADE5600EED52C /* Default-568h@2x.png in Resources */ = {isa = PBXBuildFile; fileRef = 174AA32819EADE5600EED52C /* Default-568h@2x.png */; };
		174AA32C19EADE5600EED52C /* ViewController.m in Sources */ = {isa = PBXBuildFile; fileRef = 174AA32B19EADE5600EED52C /* ViewController.m */; };
		174AA32F19EADE5600EED52C /* ViewController.xib in Resources */ = {isa = PBXBuildFile; fileRef = 174AA32D19EADE5600EED52C /* ViewController.xib */; };
/* End PBXBuildFile section */

/* Begin PBXFileReference section */
		174AA30F19EADE5600EED52C /* 微博.app */ = {isa = PBXFileReference; explicitFileType = wrapper.application; includeInIndex = 0; path = "微博.app"; sourceTree = BUILT_PRODUCTS_DIR; };
		174AA31219EADE5600EED52C /* UIKit.framework */ = {isa = PBXFileReference; lastKnownFileType = wrapper.framework; name = UIKit.framework; path = System/Library/Frameworks/UIKit.framework; sourceTree = SDKROOT; };
		174AA31419EADE5600EED52C /* Foundation.framework */ = {isa = PBXFileReference; lastKnownFileType = wrapper.framework; name = Foundation.framework; path = System/Library/Frameworks/Foundation.framework; sourceTree = SDKROOT; };
		174AA31619EADE5600EED52C /* CoreGraphics.framework */ = {isa = PBXFileReference; lastKnownFileType = wrapper.framework; name = CoreGraphics.framework; path = System/Library/Frameworks/CoreGraphics.framework; sourceTree = SDKROOT; };
		174AA31A19EADE5600EED52C /* 微博-Info.plist */ = {isa = PBXFileReference; lastKnownFileType = text.plist.xml; path = "微博-Info.plist"; sourceTree = "<group>"; };
		174AA31C19EADE5600EED52C /* en */ = {isa = PBXFileReference; lastKnownFileType = text.plist.strings; name = en; path = en.lproj/InfoPlist.strings; sourceTree = "<group>"; };
		174AA31E19EADE5600EED52C /* main.m */ = {isa = PBXFileReference; lastKnownFileType = sourcecode.c.objc; path = main.m; sourceTree = "<group>"; };
		174AA32019EADE5600EED52C /* 微博-Prefix.pch */ = {isa = PBXFileReference; lastKnownFileType = sourcecode.c.h; path = "微博-Prefix.pch"; sourceTree = "<group>"; };
		174AA32119EADE5600EED52C /* AppDelegate.h */ = {isa = PBXFileReference; lastKnownFileType = sourcecode.c.h; path = AppDelegate.h; sourceTree = "<group>"; };
		174AA32219EADE5600EED52C /* AppDelegate.m */ = {isa = PBXFileReference; lastKnownFileType = sourcecode.c.objc; path = AppDelegate.m; sourceTree = "<group>"; };
		174AA32419EADE5600EED52C /* Default.png */ = {isa = PBXFileReference; lastKnownFileType = image.png; path = Default.png; sourceTree = "<group>"; };
		174AA32619EADE5600EED52C /* Default@2x.png */ = {isa = PBXFileReference; lastKnownFileType = image.png; path = "Default@2x.png"; sourceTree = "<group>"; };
		174AA32819EADE5600EED52C /* Default-568h@2x.png */ = {isa = PBXFileReference; lastKnownFileType = image.png; path = "Default-568h@2x.png"; sourceTree = "<group>"; };
		174AA32A19EADE5600EED52C /* ViewController.h */ = {isa = PBXFileReference; lastKnownFileType = sourcecode.c.h; path = ViewController.h; sourceTree = "<group>"; };
		174AA32B19EADE5600EED52C /* ViewController.m */ = {isa = PBXFileReference; lastKnownFileType = sourcecode.c.objc; path = ViewController.m; sourceTree = "<group>"; };
		174AA32E19EADE5600EED52C /* en */ = {isa = PBXFileReference; lastKnownFileType = file.xib; name = en; path = en.lproj/ViewController.xib; sourceTree = "<group>"; };
/* End PBXFileReference section */

/* Begin PBXFrameworksBuildPhase section */
		174AA30C19EADE5600EED52C /* Frameworks */ = {
			isa = PBXFrameworksBuildPhase;
			buildActionMask = 2147483647;
			files = (
				174AA31319EADE5600EED52C /* UIKit.framework in Frameworks */,
				174AA31519EADE5600EED52C /* Foundation.framework in Frameworks */,
				174AA31719EADE5600EED52C /* CoreGraphics.framework in Frameworks */,
			);
			runOnlyForDeploymentPostprocessing = 0;
		};
/* End PBXFrameworksBuildPhase section */

/* Begin PBXGroup section */
		174AA30619EADE5600EED52C = {
			isa = PBXGroup;
			children = (
				174AA31819EADE5600EED52C /* 微博 */,
				174AA31119EADE5600EED52C /* Frameworks */,
				174AA31019EADE5600EED52C /* Products */,
			);
			sourceTree = "<group>";
		};
		174AA31019EADE5600EED52C /* Products */ = {
			isa = PBXGroup;
			children = (
				174AA30F19EADE5600EED52C /* 微博.app */,
			);
			name = Products;
			sourceTree = "<group>";
		};
		174AA31119EADE5600EED52C /* Frameworks */ = {
			isa = PBXGroup;
			children = (
				174AA31219EADE5600EED52C /* UIKit.framework */,
				174AA31419EADE5600EED52C /* Foundation.framework */,
				174AA31619EADE5600EED52C /* CoreGraphics.framework */,
			);
			name = Frameworks;
			sourceTree = "<group>";
		};
		174AA31819EADE5600EED52C /* 微博 */ = {
			isa = PBXGroup;
			children = (
				174AA32119EADE5600EED52C /* AppDelegate.h */,
				174AA32219EADE5600EED52C /* AppDelegate.m */,
				174AA32A19EADE5600EED52C /* ViewController.h */,
				174AA32B19EADE5600EED52C /* ViewController.m */,
				174AA32D19EADE5600EED52C /* ViewController.xib */,
				174AA31919EADE5600EED52C /* Supporting Files */,
			);
			path = "微博";
			sourceTree = "<group>";
		};
		174AA31919EADE5600EED52C /* Supporting Files */ = {
			isa = PBXGroup;
			children = (
				174AA31A19EADE5600EED52C /* 微博-Info.plist */,
				174AA31B19EADE5600EED52C /* InfoPlist.strings */,
				174AA31E19EADE5600EED52C /* main.m */,
				174AA32019EADE5600EED52C /* 微博-Prefix.pch */,
				174AA32419EADE5600EED52C /* Default.png */,
				174AA32619EADE5600EED52C /* Default@2x.png */,
				174AA32819EADE5600EED52C /* Default-568h@2x.png */,
			);
			name = "Supporting Files";
			sourceTree = "<group>";
		};
/* End PBXGroup section */

/* Begin PBXNativeTarget section */
		174AA30E19EADE5600EED52C /* 微博 */ = {
			isa = PBXNativeTarget;
			buildConfigurationList = 174AA33219EADE5600EED52C /* Build configuration list for PBXNativeTarget "微博" */;
			buildPhases = (
				174AA30B19EADE5600EED52C /* Sources */,
				174AA30C19EADE5600EED52C /* Frameworks */,
				174AA30D19EADE5600EED52C /* Resources */,
			);
			buildRules = (
			);
			dependencies = (
			);
			name = "微博";
			productName = "微博";
			productReference = 174AA30F19EADE5600EED52C /* 微博.app */;
			productType = "com.apple.product-type.application";
		};
/* End PBXNativeTarget section */

/* Begin PBXProject section */
		174AA30719EADE5600EED52C /* Project object */ = {
			isa = PBXProject;
			attributes = {
				LastUpgradeCheck = 0460;
				ORGANIZATIONNAME = zerd;
			};
			buildConfigurationList = 174AA30A19EADE5600EED52C /* Build configuration list for PBXProject "微博" */;
			compatibilityVersion = "Xcode 3.2";
			developmentRegion = English;
			hasScannedForEncodings = 0;
			knownRegions = (
				en,
			);
			mainGroup = 174AA30619EADE5600EED52C;
			productRefGroup = 174AA31019EADE5600EED52C /* Products */;
			projectDirPath = "";
			projectRoot = "";
			targets = (
				174AA30E19EADE5600EED52C /* 微博 */,
			);
		};
/* End PBXProject section */

/* Begin PBXResourcesBuildPhase section */
		174AA30D19EADE5600EED52C /* Resources */ = {
			isa = PBXResourcesBuildPhase;
			buildActionMask = 2147483647;
			files = (
				174AA31D19EADE5600EED52C /* InfoPlist.strings in Resources */,
				174AA32519EADE5600EED52C /* Default.png in Resources */,
				174AA32719EADE5600EED52C /* Default@2x.png in Resources */,
				174AA32919EADE5600EED52C /* Default-568h@2x.png in Resources */,
				174AA32F19EADE5600EED52C /* ViewController.xib in Resources */,
			);
			runOnlyForDeploymentPostprocessing = 0;
		};
/* End PBXResourcesBuildPhase section */

/* Begin PBXSourcesBuildPhase section */
		174AA30B19EADE5600EED52C /* Sources */ = {
			isa = PBXSourcesBuildPhase;
			buildActionMask = 2147483647;
			files = (
				174AA31F19EADE5600EED52C /* main.m in Sources */,
				174AA32319EADE5600EED52C /* AppDelegate.m in Sources */,
				174AA32C19EADE5600EED52C /* ViewController.m in Sources */,
			);
			runOnlyForDeploymentPostprocessing = 0;
		};
/* End PBXSourcesBuildPhase section */

/* Begin PBXVariantGroup section */
		174AA31B19EADE5600EED52C /* InfoPlist.strings */ = {
			isa = PBXVariantGroup;
			children = (
				174AA31C19EADE5600EED52C /* en */,
			);
			name = InfoPlist.strings;
			sourceTree = "<group>";
		};
		174AA32D19EADE5600EED52C /* ViewController.xib */ = {
			isa = PBXVariantGroup;
			children = (
				174AA32E19EADE5600EED52C /* en */,
			);
			name = ViewController.xib;
			sourceTree = "<group>";
		};
/* End PBXVariantGroup section */

/* Begin XCBuildConfiguration section */
		174AA33019EADE5600EED52C /* Debug */ = {
			isa = XCBuildConfiguration;
			buildSettings = {
				ALWAYS_SEARCH_USER_PATHS = NO;
				CLANG_CXX_LANGUAGE_STANDARD = "gnu++0x";
				CLANG_CXX_LIBRARY = "libc++";
				CLANG_WARN_CONSTANT_CONVERSION = YES;
				CLANG_WARN_EMPTY_BODY = YES;
				CLANG_WARN_ENUM_CONVERSION = YES;
				CLANG_WARN_INT_CONVERSION = YES;
				CLANG_WARN__DUPLICATE_METHOD_MATCH = YES;
				"CODE_SIGN_IDENTITY[sdk=iphoneos*]" = "iPhone Developer";
				COPY_PHASE_STRIP = NO;
				GCC_C_LANGUAGE_STANDARD = gnu99;
				GCC_DYNAMIC_NO_PIC = NO;
				GCC_OPTIMIZATION_LEVEL = 0;
				GCC_PREPROCESSOR_DEFINITIONS = (
					"DEBUG=1",
					"$(inherited)",
				);
				GCC_SYMBOLS_PRIVATE_EXTERN = NO;
				GCC_WARN_ABOUT_RETURN_TYPE = YES;
				GCC_WARN_UNINITIALIZED_AUTOS = YES;
				GCC_WARN_UNUSED_VARIABLE = YES;
				IPHONEOS_DEPLOYMENT_TARGET = 6.1;
				ONLY_ACTIVE_ARCH = YES;
				SDKROOT = iphoneos;
			};
			name = Debug;
		};
		174AA33119EADE5600EED52C /* Release */ = {
			isa = XCBuildConfiguration;
			buildSettings = {
				ALWAYS_SEARCH_USER_PATHS = NO;
				CLANG_CXX_LANGUAGE_STANDARD = "gnu++0x";
				CLANG_CXX_LIBRARY = "libc++";
				CLANG_WARN_CONSTANT_CONVERSION = YES;
				CLANG_WARN_EMPTY_BODY = YES;
				CLANG_WARN_ENUM_CONVERSION = YES;
				CLANG_WARN_INT_CONVERSION = YES;
				CLANG_WARN__DUPLICATE_METHOD_MATCH = YES;
				"CODE_SIGN_IDENTITY[sdk=iphoneos*]" = "iPhone Developer";
				COPY_PHASE_STRIP = YES;
				GCC_C_LANGUAGE_STANDARD = gnu99;
				GCC_WARN_ABOUT_RETURN_TYPE = YES;
				GCC_WARN_UNINITIALIZED_AUTOS = YES;
				GCC_WARN_UNUSED_VARIABLE = YES;
				IPHONEOS_DEPLOYMENT_TARGET = 6.1;
				OTHER_CFLAGS = "-DNS_BLOCK_ASSERTIONS=1";
				SDKROOT = iphoneos;
				VALIDATE_PRODUCT = YES;
			};
			name = Release;
		};
		174AA33319EADE5600EED52C /* Debug */ = {
			isa = XCBuildConfiguration;
			buildSettings = {
				GCC_PRECOMPILE_PREFIX_HEADER = YES;
				GCC_PREFIX_HEADER = "微博/微博-Prefix.pch";
				INFOPLIST_FILE = "微博/微博-Info.plist";
				PRODUCT_NAME = "$(TARGET_NAME)";
				WRAPPER_EXTENSION = app;
			};
			name = Debug;
		};
		174AA33419EADE5600EED52C /* Release */ = {
			isa = XCBuildConfiguration;
			buildSettings = {
				GCC_PRECOMPILE_PREFIX_HEADER = YES;
				GCC_PREFIX_HEADER = "微博/微博-Prefix.pch";
				INFOPLIST_FILE = "微博/微博-Info.plist";
				PRODUCT_NAME = "$(TARGET_NAME)";
				WRAPPER_EXTENSION = app;
			};
			name = Release;
		};
/* End XCBuildConfiguration section */

/* Begin XCConfigurationList section */
		174AA30A19EADE5600EED52C /* Build configuration list for PBXProject "微博" */ = {
			isa = XCConfigurationList;
			buildConfigurations = (
				174AA33019EADE5600EED52C /* Debug */,
				174AA33119EADE5600EED52C /* Release */,
			);
			defaultConfigurationIsVisible = 0;
			defaultConfigurationName = Release;
		};
		174AA33219EADE5600EED52C /* Build configuration list for PBXNativeTarget "微博" */ = {
			isa = XCConfigurationList;
			buildConfigurations = (
				174AA33319EADE5600EED52C /* Debug */,
				174AA33419EADE5600EED52C /* Release */,
			);
			defaultConfigurationIsVisible = 0;
		};
/* End XCConfigurationList section */
	};
	rootObject = 174AA30719EADE5600EED52C /* Project object */;
}
